
Microsoft Visual Studio Solution File, Format Version 12.00
# Visual Studio Version 17
VisualStudioVersion = 17.3.32825.248
MinimumVisualStudioVersion = 10.0.40219.1
Project("{9A19103F-16F7-4668-BE54-9A1E7A4F7556}") = "CodeFirst", "CodeFirst\CodeFirst.csproj", "{7D8A04ED-FC36-4BBD-908F-4F066D559C10}"
EndProject
Project("{9A19103F-16F7-4668-BE54-9A1E7A4F7556}") = "DbFirst", "DbFirst\DbFirst.csproj", "{5BD3DAD2-DF60-43A5-9314-BB57E3AEBD2D}"
EndProject
Project("{9A19103F-16F7-4668-BE54-9A1E7A4F7556}") = "WebApp", "WebApp\WebApp.csproj", "{46A19614-C601-472D-A991-422371B89D33}"
EndProject
Project("{FAE04EC0-301F-11D3-BF4B-00C04F79EFBC}") = "WebAPI", "WebAPI\WebAPI.csproj", "{878B3BBA-BF8E-45D1-8024-94FD4BE44B0F}"
EndProject
Global
	GlobalSection(SolutionConfigurationPlatforms) = preSolution
		Debug|Any CPU = Debug|Any CPU
		Release|Any CPU = Release|Any CPU
	EndGlobalSection
	GlobalSection(ProjectConfigurationPlatforms) = postSolution
		{7D8A04ED-FC36-4BBD-908F-4F066D559C10}.Debug|Any CPU.ActiveCfg = Debug|Any CPU
		{7D8A04ED-FC36-4BBD-908F-4F066D559C10}.Debug|Any CPU.Build.0 = Debug|Any CPU
		{7D8A04ED-FC36-4BBD-908F-4F066D559C10}.Release|Any CPU.ActiveCfg = Release|Any CPU
		{7D8A04ED-FC36-4BBD-908F-4F066D559C10}.Release|Any CPU.Build.0 = Release|Any CPU
		{5BD3DAD2-DF60-43A5-9314-BB57E3AEBD2D}.Debug|Any CPU.ActiveCfg = Debug|Any CPU
		{5BD3DAD2-DF60-43A5-9314-BB57E3AEBD2D}.Debug|Any CPU.Build.0 = Debug|Any CPU
		{5BD3DAD2-DF60-43A5-9314-BB57E3AEBD2D}.Release|Any CPU.ActiveCfg = Release|Any CPU
		{5BD3DAD2-DF60-43A5-9314-BB57E3AEBD2D}.Release|Any CPU.Build.0 = Release|Any CPU
		{46A19614-C601-472D-A991-422371B89D33}.Debug|Any CPU.ActiveCfg = Debug|Any CPU
		{46A19614-C601-472D-A991-422371B89D33}.Debug|Any CPU.Build.0 = Debug|Any CPU
		{46A19614-C601-472D-A991-422371B89D33}.Release|Any CPU.ActiveCfg = Release|Any CPU
		{46A19614-C601-472D-A991-422371B89D33}.Release|Any CPU.Build.0 = Release|Any CPU
		{878B3BBA-BF8E-45D1-8024-94FD4BE44B0F}.Debug|Any CPU.ActiveCfg = Debug|Any CPU
		{878B3BBA-BF8E-45D1-8024-94FD4BE44B0F}.Debug|Any CPU.Build.0 = Debug|Any CPU
		{878B3BBA-BF8E-45D1-8024-94FD4BE44B0F}.Release|Any CPU.ActiveCfg = Release|Any CPU
		{878B3BBA-BF8E-45D1-8024-94FD4BE44B0F}.Release|Any CPU.Build.0 = Release|Any CPU
	EndGlobalSection
	GlobalSection(SolutionProperties) = preSolution
		HideSolutionNode = FALSE
	EndGlobalSection
	GlobalSection(ExtensibilityGlobals) = postSolution
		SolutionGuid = {BCE09B89-8C58-4302-B664-FC4BBBAEE228}
	EndGlobalSection
EndGlobal
